
Microsoft Visual Studio Solution File, Format Version 12.00
# Visual Studio 15
VisualStudioVersion = 15.0.28306.52
MinimumVisualStudioVersion = 10.0.40219.1
Project("{6EC3EE1D-3C4E-46DD-8F32-0CC8E7565705}") = "PathOfSupporting", "PoS\PathOfSupporting.fsproj", "{86246A66-240A-4C3E-94CC-8727D186703B}"
EndProject
Global
	GlobalSection(SolutionConfigurationPlatforms) = preSolution
		Debug|Any CPU = Debug|Any CPU
		Release|Any CPU = Release|Any CPU
	EndGlobalSection
	GlobalSection(ProjectConfigurationPlatforms) = postSolution
		{86246A66-240A-4C3E-94CC-8727D186703B}.Debug|Any CPU.ActiveCfg = Debug|Any CPU
		{86246A66-240A-4C3E-94CC-8727D186703B}.Debug|Any CPU.Build.0 = Debug|Any CPU
		{86246A66-240A-4C3E-94CC-8727D186703B}.Release|Any CPU.ActiveCfg = Release|Any CPU
		{86246A66-240A-4C3E-94CC-8727D186703B}.Release|Any CPU.Build.0 = Release|Any CPU
	EndGlobalSection
	GlobalSection(SolutionProperties) = preSolution
		HideSolutionNode = FALSE
	EndGlobalSection
	GlobalSection(ExtensibilityGlobals) = postSolution
		SolutionGuid = {8047826B-E177-4574-9950-56A65C80CBC6}
	EndGlobalSection
EndGlobal
